
Microsoft Visual Studio Solution File, Format Version 11.00
# Visual Studio 2010
Project("{FAE04EC0-301F-11D3-BF4B-00C04F79EFBC}") = "Assembly-CSharp", "Assembly-CSharp.csproj", "{ad1941aa-636f-ed9c-5c55-94e12969cc19}"
EndProject
Project("{FAE04EC0-301F-11D3-BF4B-00C04F79EFBC}") = "Assembly-CSharp-Editor", "Assembly-CSharp-Editor.csproj", "{88c2537b-fb89-a9f6-2273-a39277c1e16a}"
EndProject
Global
	GlobalSection(SolutionConfigurationPlatforms) = preSolution
		Debug|Any CPU = Debug|Any CPU
	EndGlobalSection
	GlobalSection(ProjectConfigurationPlatforms) = postSolution
		{ad1941aa-636f-ed9c-5c55-94e12969cc19}.Debug|Any CPU.ActiveCfg = Debug|Any CPU
		{ad1941aa-636f-ed9c-5c55-94e12969cc19}.Debug|Any CPU.Build.0 = Debug|Any CPU
		{88c2537b-fb89-a9f6-2273-a39277c1e16a}.Debug|Any CPU.ActiveCfg = Debug|Any CPU
		{88c2537b-fb89-a9f6-2273-a39277c1e16a}.Debug|Any CPU.Build.0 = Debug|Any CPU
	EndGlobalSection
	GlobalSection(SolutionProperties) = preSolution
		HideSolutionNode = FALSE
	EndGlobalSection
EndGlobal
